
Microsoft Visual Studio Solution File, Format Version 12.00
# Visual Studio Version 16
VisualStudioVersion = 16.0.32106.194
MinimumVisualStudioVersion = 10.0.40219.1
Project("{FAE04EC0-301F-11D3-BF4B-00C04F79EFBC}") = "projetoJapones", "projetoJapones\projetoJapones.csproj", "{5A30ED67-03C0-4CF0-B223-2A42D010A17B}"
EndProject
Global
	GlobalSection(SolutionConfigurationPlatforms) = preSolution
		Debug|Any CPU = Debug|Any CPU
		Release|Any CPU = Release|Any CPU
	EndGlobalSection
	GlobalSection(ProjectConfigurationPlatforms) = postSolution
		{5A30ED67-03C0-4CF0-B223-2A42D010A17B}.Debug|Any CPU.ActiveCfg = Debug|Any CPU
		{5A30ED67-03C0-4CF0-B223-2A42D010A17B}.Debug|Any CPU.Build.0 = Debug|Any CPU
		{5A30ED67-03C0-4CF0-B223-2A42D010A17B}.Release|Any CPU.ActiveCfg = Release|Any CPU
		{5A30ED67-03C0-4CF0-B223-2A42D010A17B}.Release|Any CPU.Build.0 = Release|Any CPU
	EndGlobalSection
	GlobalSection(SolutionProperties) = preSolution
		HideSolutionNode = FALSE
	EndGlobalSection
	GlobalSection(ExtensibilityGlobals) = postSolution
		SolutionGuid = {389F96F5-666F-42FF-83AC-499BB454D9EB}
	EndGlobalSection
EndGlobal
